
Microsoft Visual Studio Solution File, Format Version 12.00
# Visual Studio Version 17
VisualStudioVersion = 17.13.35806.99 d17.13
MinimumVisualStudioVersion = 10.0.40219.1
Project("{FAE04EC0-301F-11D3-BF4B-00C04F79EFBC}") = "LFSR", "LFSR\LFSR.csproj", "{6AD62B99-F6E0-41CD-98ED-1A21D3382014}"
EndProject
Global
	GlobalSection(SolutionConfigurationPlatforms) = preSolution
		Debug|Any CPU = Debug|Any CPU
		Release|Any CPU = Release|Any CPU
	EndGlobalSection
	GlobalSection(ProjectConfigurationPlatforms) = postSolution
		{6AD62B99-F6E0-41CD-98ED-1A21D3382014}.Debug|Any CPU.ActiveCfg = Debug|Any CPU
		{6AD62B99-F6E0-41CD-98ED-1A21D3382014}.Debug|Any CPU.Build.0 = Debug|Any CPU
		{6AD62B99-F6E0-41CD-98ED-1A21D3382014}.Release|Any CPU.ActiveCfg = Release|Any CPU
		{6AD62B99-F6E0-41CD-98ED-1A21D3382014}.Release|Any CPU.Build.0 = Release|Any CPU
	EndGlobalSection
	GlobalSection(SolutionProperties) = preSolution
		HideSolutionNode = FALSE
	EndGlobalSection
	GlobalSection(ExtensibilityGlobals) = postSolution
		SolutionGuid = {A30827E9-DB98-4C0E-9E71-7471C6505206}
	EndGlobalSection
EndGlobal
